// !$*UTF8*$!
{
	archiveVersion = 1;
	classes = {
	};
	objectVersion = 60;
	objects = {

/* Begin PBXBuildFile section */
		07AE55332C876C5A00E1FCBD /* DittoAllToolsMenu in Frameworks */ = {isa = PBXBuildFile; productRef = 07AE55322C876C5A00E1FCBD /* DittoAllToolsMenu */; };
		07AE55352C876C5A00E1FCBD /* DittoDataBrowser in Frameworks */ = {isa = PBXBuildFile; productRef = 07AE55342C876C5A00E1FCBD /* DittoDataBrowser */; };
		07AE55372C876C5A00E1FCBD /* DittoDiskUsage in Frameworks */ = {isa = PBXBuildFile; productRef = 07AE55362C876C5A00E1FCBD /* DittoDiskUsage */; };
		07AE55392C876C5A00E1FCBD /* DittoExportData in Frameworks */ = {isa = PBXBuildFile; productRef = 07AE55382C876C5A00E1FCBD /* DittoExportData */; };
		07AE553B2C876C5A00E1FCBD /* DittoExportLogs in Frameworks */ = {isa = PBXBuildFile; productRef = 07AE553A2C876C5A00E1FCBD /* DittoExportLogs */; };
		07AE553D2C876C5A00E1FCBD /* DittoHealthMetrics in Frameworks */ = {isa = PBXBuildFile; productRef = 07AE553C2C876C5A00E1FCBD /* DittoHealthMetrics */; };
		07AE553F2C876C5A00E1FCBD /* DittoHeartbeat in Frameworks */ = {isa = PBXBuildFile; productRef = 07AE553E2C876C5A00E1FCBD /* DittoHeartbeat */; };
		07AE55412C876C5A00E1FCBD /* DittoPeersList in Frameworks */ = {isa = PBXBuildFile; productRef = 07AE55402C876C5A00E1FCBD /* DittoPeersList */; };
		07AE55432C876C5A00E1FCBD /* DittoPermissionsHealth in Frameworks */ = {isa = PBXBuildFile; productRef = 07AE55422C876C5A00E1FCBD /* DittoPermissionsHealth */; };
		07AE55452C876C5A00E1FCBD /* DittoPresenceDegradation in Frameworks */ = {isa = PBXBuildFile; productRef = 07AE55442C876C5A00E1FCBD /* DittoPresenceDegradation */; };
		07AE55472C876C5A00E1FCBD /* DittoPresenceViewer in Frameworks */ = {isa = PBXBuildFile; productRef = 07AE55462C876C5A00E1FCBD /* DittoPresenceViewer */; };
		07AE554D2C87721300E1FCBD /* ContentView.swift in Sources */ = {isa = PBXBuildFile; fileRef = 07AE554C2C87721300E1FCBD /* ContentView.swift */; };
		07AE554F2C87940300E1FCBD /* ItemViewModel.swift in Sources */ = {isa = PBXBuildFile; fileRef = 07AE554E2C87940300E1FCBD /* ItemViewModel.swift */; };
		0EC95D322B0BEA1D006A35A0 /* DittoObjC in Frameworks */ = {isa = PBXBuildFile; productRef = 0EC95D312B0BEA1D006A35A0 /* DittoObjC */; };
		0EC95D342B0BEA1D006A35A0 /* DittoSwift in Frameworks */ = {isa = PBXBuildFile; productRef = 0EC95D332B0BEA1D006A35A0 /* DittoSwift */; };
		CC371EF429794A9700430C6F /* DittoManager.swift in Sources */ = {isa = PBXBuildFile; fileRef = CC371EF329794A9700430C6F /* DittoManager.swift */; };
		CC371EF62979573200430C6F /* ItemDittoModel.swift in Sources */ = {isa = PBXBuildFile; fileRef = CC371EF52979573200430C6F /* ItemDittoModel.swift */; };
		CC626BF7298A655B0065E143 /* Env.swift in Sources */ = {isa = PBXBuildFile; fileRef = CC626BF6298A655B0065E143 /* Env.swift */; };
		CCD3A728297EA27F00A7EFED /* Extensions.swift in Sources */ = {isa = PBXBuildFile; fileRef = CCD3A727297EA27F00A7EFED /* Extensions.swift */; };
		CCE8646529E59037007D822C /* Cartography in Frameworks */ = {isa = PBXBuildFile; productRef = CCE8646429E59037007D822C /* Cartography */; };
		E32461EC20E47DFC0006C628 /* Constants.swift in Sources */ = {isa = PBXBuildFile; fileRef = E32461EB20E47DFC0006C628 /* Constants.swift */; };
		E3ED324020E439FD005FC8B1 /* AppDelegate.swift in Sources */ = {isa = PBXBuildFile; fileRef = E3ED323F20E439FD005FC8B1 /* AppDelegate.swift */; };
		E3ED324720E439FE005FC8B1 /* Assets.xcassets in Resources */ = {isa = PBXBuildFile; fileRef = E3ED324620E439FE005FC8B1 /* Assets.xcassets */; };
		E3ED324A20E439FE005FC8B1 /* LaunchScreen.storyboard in Resources */ = {isa = PBXBuildFile; fileRef = E3ED324820E439FE005FC8B1 /* LaunchScreen.storyboard */; platformFilters = (ios, maccatalyst, ); };
/* End PBXBuildFile section */

/* Begin PBXFileReference section */
		07AE54FD2C82305600E1FCBD /* Inventory.entitlements */ = {isa = PBXFileReference; lastKnownFileType = text.plist.entitlements; path = Inventory.entitlements; sourceTree = "<group>"; };
		07AE554C2C87721300E1FCBD /* ContentView.swift */ = {isa = PBXFileReference; lastKnownFileType = sourcecode.swift; path = ContentView.swift; sourceTree = "<group>"; };
		07AE554E2C87940300E1FCBD /* ItemViewModel.swift */ = {isa = PBXFileReference; lastKnownFileType = sourcecode.swift; path = ItemViewModel.swift; sourceTree = "<group>"; };
		CC371EF329794A9700430C6F /* DittoManager.swift */ = {isa = PBXFileReference; lastKnownFileType = sourcecode.swift; path = DittoManager.swift; sourceTree = "<group>"; };
		CC371EF52979573200430C6F /* ItemDittoModel.swift */ = {isa = PBXFileReference; lastKnownFileType = sourcecode.swift; path = ItemDittoModel.swift; sourceTree = "<group>"; };
		CC626BF6298A655B0065E143 /* Env.swift */ = {isa = PBXFileReference; fileEncoding = 4; lastKnownFileType = sourcecode.swift; path = Env.swift; sourceTree = "<group>"; };
		CCD3A727297EA27F00A7EFED /* Extensions.swift */ = {isa = PBXFileReference; lastKnownFileType = sourcecode.swift; path = Extensions.swift; sourceTree = "<group>"; };
		E32461EB20E47DFC0006C628 /* Constants.swift */ = {isa = PBXFileReference; lastKnownFileType = sourcecode.swift; path = Constants.swift; sourceTree = "<group>"; };
		E3ED323C20E439FD005FC8B1 /* Inventory.app */ = {isa = PBXFileReference; explicitFileType = wrapper.application; includeInIndex = 0; path = Inventory.app; sourceTree = BUILT_PRODUCTS_DIR; };
		E3ED323F20E439FD005FC8B1 /* AppDelegate.swift */ = {isa = PBXFileReference; lastKnownFileType = sourcecode.swift; path = AppDelegate.swift; sourceTree = "<group>"; };
		E3ED324620E439FE005FC8B1 /* Assets.xcassets */ = {isa = PBXFileReference; lastKnownFileType = folder.assetcatalog; path = Assets.xcassets; sourceTree = "<group>"; };
		E3ED324920E439FE005FC8B1 /* Base */ = {isa = PBXFileReference; lastKnownFileType = file.storyboard; name = Base; path = Base.lproj/LaunchScreen.storyboard; sourceTree = "<group>"; };
		E3ED324B20E439FF005FC8B1 /* Info.plist */ = {isa = PBXFileReference; lastKnownFileType = text.plist.xml; path = Info.plist; sourceTree = "<group>"; };
/* End PBXFileReference section */

/* Begin PBXFrameworksBuildPhase section */
		E3ED323920E439FD005FC8B1 /* Frameworks */ = {
			isa = PBXFrameworksBuildPhase;
			buildActionMask = 2147483647;
			files = (
				07AE55372C876C5A00E1FCBD /* DittoDiskUsage in Frameworks */,
				07AE55332C876C5A00E1FCBD /* DittoAllToolsMenu in Frameworks */,
				07AE553F2C876C5A00E1FCBD /* DittoHeartbeat in Frameworks */,
				07AE55412C876C5A00E1FCBD /* DittoPeersList in Frameworks */,
				07AE55472C876C5A00E1FCBD /* DittoPresenceViewer in Frameworks */,
				07AE55432C876C5A00E1FCBD /* DittoPermissionsHealth in Frameworks */,
				07AE553B2C876C5A00E1FCBD /* DittoExportLogs in Frameworks */,
				0EC95D322B0BEA1D006A35A0 /* DittoObjC in Frameworks */,
				CCE8646529E59037007D822C /* Cartography in Frameworks */,
				0EC95D342B0BEA1D006A35A0 /* DittoSwift in Frameworks */,
				07AE55352C876C5A00E1FCBD /* DittoDataBrowser in Frameworks */,
				07AE55452C876C5A00E1FCBD /* DittoPresenceDegradation in Frameworks */,
				07AE55392C876C5A00E1FCBD /* DittoExportData in Frameworks */,
				07AE553D2C876C5A00E1FCBD /* DittoHealthMetrics in Frameworks */,
			);
			runOnlyForDeploymentPostprocessing = 0;
		};
/* End PBXFrameworksBuildPhase section */

/* Begin PBXGroup section */
		0EC95D1C2B0BDE16006A35A0 /* Frameworks */ = {
			isa = PBXGroup;
			children = (
			);
			name = Frameworks;
			sourceTree = "<group>";
		};
		E3ED323320E439FD005FC8B1 = {
			isa = PBXGroup;
			children = (
				E3ED323E20E439FD005FC8B1 /* Inventory */,
				E3ED323D20E439FD005FC8B1 /* Products */,
				0EC95D1C2B0BDE16006A35A0 /* Frameworks */,
			);
			sourceTree = "<group>";
		};
		E3ED323D20E439FD005FC8B1 /* Products */ = {
			isa = PBXGroup;
			children = (
				E3ED323C20E439FD005FC8B1 /* Inventory.app */,
			);
			name = Products;
			sourceTree = "<group>";
		};
		E3ED323E20E439FD005FC8B1 /* Inventory */ = {
			isa = PBXGroup;
			children = (
				07AE54FD2C82305600E1FCBD /* Inventory.entitlements */,
				E3ED323F20E439FD005FC8B1 /* AppDelegate.swift */,
				E3ED324620E439FE005FC8B1 /* Assets.xcassets */,
				E3ED324820E439FE005FC8B1 /* LaunchScreen.storyboard */,
				E3ED324B20E439FF005FC8B1 /* Info.plist */,
				E32461EB20E47DFC0006C628 /* Constants.swift */,
				07AE554E2C87940300E1FCBD /* ItemViewModel.swift */,
				CC371EF329794A9700430C6F /* DittoManager.swift */,
				CC371EF52979573200430C6F /* ItemDittoModel.swift */,
				CCD3A727297EA27F00A7EFED /* Extensions.swift */,
				CC626BF6298A655B0065E143 /* Env.swift */,
				07AE554C2C87721300E1FCBD /* ContentView.swift */,
			);
			path = Inventory;
			sourceTree = "<group>";
		};
/* End PBXGroup section */

/* Begin PBXNativeTarget section */
		E3ED323B20E439FD005FC8B1 /* Inventory */ = {
			isa = PBXNativeTarget;
			buildConfigurationList = E3ED324E20E439FF005FC8B1 /* Build configuration list for PBXNativeTarget "Inventory" */;
			buildPhases = (
				CCE28738298A561F00BAFC48 /* Generate Env.swift */,
				E3ED323820E439FD005FC8B1 /* Sources */,
				E3ED323920E439FD005FC8B1 /* Frameworks */,
				E3ED323A20E439FD005FC8B1 /* Resources */,
			);
			buildRules = (
			);
			dependencies = (
			);
			name = Inventory;
			packageProductDependencies = (
				CCE8646429E59037007D822C /* Cartography */,
				0EC95D312B0BEA1D006A35A0 /* DittoObjC */,
				0EC95D332B0BEA1D006A35A0 /* DittoSwift */,
				07AE55322C876C5A00E1FCBD /* DittoAllToolsMenu */,
				07AE55342C876C5A00E1FCBD /* DittoDataBrowser */,
				07AE55362C876C5A00E1FCBD /* DittoDiskUsage */,
				07AE55382C876C5A00E1FCBD /* DittoExportData */,
				07AE553A2C876C5A00E1FCBD /* DittoExportLogs */,
				07AE553C2C876C5A00E1FCBD /* DittoHealthMetrics */,
				07AE553E2C876C5A00E1FCBD /* DittoHeartbeat */,
				07AE55402C876C5A00E1FCBD /* DittoPeersList */,
				07AE55422C876C5A00E1FCBD /* DittoPermissionsHealth */,
				07AE55442C876C5A00E1FCBD /* DittoPresenceDegradation */,
				07AE55462C876C5A00E1FCBD /* DittoPresenceViewer */,
			);
			productName = Inventory;
			productReference = E3ED323C20E439FD005FC8B1 /* Inventory.app */;
			productType = "com.apple.product-type.application";
		};
/* End PBXNativeTarget section */

/* Begin PBXProject section */
		E3ED323420E439FD005FC8B1 /* Project object */ = {
			isa = PBXProject;
			attributes = {
				LastSwiftUpdateCheck = 0940;
				LastUpgradeCheck = 0940;
				ORGANIZATIONNAME = Ditto;
				TargetAttributes = {
					E3ED323B20E439FD005FC8B1 = {
						CreatedOnToolsVersion = 9.4;
						SystemCapabilities = {
							com.apple.BackgroundModes = {
								enabled = 1;
							};
						};
					};
				};
			};
			buildConfigurationList = E3ED323720E439FD005FC8B1 /* Build configuration list for PBXProject "Inventory" */;
			compatibilityVersion = "Xcode 9.3";
			developmentRegion = en;
			hasScannedForEncodings = 0;
			knownRegions = (
				en,
				Base,
			);
			mainGroup = E3ED323320E439FD005FC8B1;
			packageReferences = (
				CCE8646329E59037007D822C /* XCRemoteSwiftPackageReference "Cartography" */,
				0EC95D302B0BEA1D006A35A0 /* XCRemoteSwiftPackageReference "DittoSwiftPackage" */,
				07AE55312C876C5A00E1FCBD /* XCLocalSwiftPackageReference "../../DittoSwiftTools" */,
			);
			productRefGroup = E3ED323D20E439FD005FC8B1 /* Products */;
			projectDirPath = "";
			projectRoot = "";
			targets = (
				E3ED323B20E439FD005FC8B1 /* Inventory */,
			);
		};
/* End PBXProject section */

/* Begin PBXResourcesBuildPhase section */
		E3ED323A20E439FD005FC8B1 /* Resources */ = {
			isa = PBXResourcesBuildPhase;
			buildActionMask = 2147483647;
			files = (
				E3ED324A20E439FE005FC8B1 /* LaunchScreen.storyboard in Resources */,
				E3ED324720E439FE005FC8B1 /* Assets.xcassets in Resources */,
			);
			runOnlyForDeploymentPostprocessing = 0;
		};
/* End PBXResourcesBuildPhase section */

/* Begin PBXShellScriptBuildPhase section */
		CCE28738298A561F00BAFC48 /* Generate Env.swift */ = {
			isa = PBXShellScriptBuildPhase;
			buildActionMask = 2147483647;
			files = (
			);
			inputFileListPaths = (
			);
			inputPaths = (
			);
			name = "Generate Env.swift";
			outputFileListPaths = (
			);
			outputPaths = (
			);
			runOnlyForDeploymentPostprocessing = 0;
			shellPath = /bin/sh;
			shellScript = "\"${SRCROOT}/buildEnv.sh\" \"${SRCROOT}/../.env\" \"${SRCROOT}/${PROJECT}\"\n";
		};
/* End PBXShellScriptBuildPhase section */

/* Begin PBXSourcesBuildPhase section */
		E3ED323820E439FD005FC8B1 /* Sources */ = {
			isa = PBXSourcesBuildPhase;
			buildActionMask = 2147483647;
			files = (
				07AE554D2C87721300E1FCBD /* ContentView.swift in Sources */,
				E3ED324020E439FD005FC8B1 /* AppDelegate.swift in Sources */,
				CC371EF62979573200430C6F /* ItemDittoModel.swift in Sources */,
				CCD3A728297EA27F00A7EFED /* Extensions.swift in Sources */,
				07AE554F2C87940300E1FCBD /* ItemViewModel.swift in Sources */,
				E32461EC20E47DFC0006C628 /* Constants.swift in Sources */,
				CC371EF429794A9700430C6F /* DittoManager.swift in Sources */,
				CC626BF7298A655B0065E143 /* Env.swift in Sources */,
			);
			runOnlyForDeploymentPostprocessing = 0;
		};
/* End PBXSourcesBuildPhase section */

/* Begin PBXVariantGroup section */
		E3ED324820E439FE005FC8B1 /* LaunchScreen.storyboard */ = {
			isa = PBXVariantGroup;
			children = (
				E3ED324920E439FE005FC8B1 /* Base */,
			);
			name = LaunchScreen.storyboard;
			sourceTree = "<group>";
		};
/* End PBXVariantGroup section */

/* Begin XCBuildConfiguration section */
		E3ED324C20E439FF005FC8B1 /* Debug */ = {
			isa = XCBuildConfiguration;
			buildSettings = {
				ALWAYS_SEARCH_USER_PATHS = NO;
				CLANG_ANALYZER_NONNULL = YES;
				CLANG_ANALYZER_NUMBER_OBJECT_CONVERSION = YES_AGGRESSIVE;
				CLANG_CXX_LANGUAGE_STANDARD = "gnu++14";
				CLANG_CXX_LIBRARY = "libc++";
				CLANG_ENABLE_MODULES = YES;
				CLANG_ENABLE_OBJC_ARC = YES;
				CLANG_ENABLE_OBJC_WEAK = YES;
				CLANG_WARN_BLOCK_CAPTURE_AUTORELEASING = YES;
				CLANG_WARN_BOOL_CONVERSION = YES;
				CLANG_WARN_COMMA = YES;
				CLANG_WARN_CONSTANT_CONVERSION = YES;
				CLANG_WARN_DEPRECATED_OBJC_IMPLEMENTATIONS = YES;
				CLANG_WARN_DIRECT_OBJC_ISA_USAGE = YES_ERROR;
				CLANG_WARN_DOCUMENTATION_COMMENTS = YES;
				CLANG_WARN_EMPTY_BODY = YES;
				CLANG_WARN_ENUM_CONVERSION = YES;
				CLANG_WARN_INFINITE_RECURSION = YES;
				CLANG_WARN_INT_CONVERSION = YES;
				CLANG_WARN_NON_LITERAL_NULL_CONVERSION = YES;
				CLANG_WARN_OBJC_IMPLICIT_RETAIN_SELF = YES;
				CLANG_WARN_OBJC_LITERAL_CONVERSION = YES;
				CLANG_WARN_OBJC_ROOT_CLASS = YES_ERROR;
				CLANG_WARN_RANGE_LOOP_ANALYSIS = YES;
				CLANG_WARN_STRICT_PROTOTYPES = YES;
				CLANG_WARN_SUSPICIOUS_MOVE = YES;
				CLANG_WARN_UNGUARDED_AVAILABILITY = YES_AGGRESSIVE;
				CLANG_WARN_UNREACHABLE_CODE = YES;
				CLANG_WARN__DUPLICATE_METHOD_MATCH = YES;
				CODE_SIGN_IDENTITY = "iPhone Developer";
				COPY_PHASE_STRIP = NO;
				DEBUG_INFORMATION_FORMAT = dwarf;
				ENABLE_BITCODE = NO;
				ENABLE_STRICT_OBJC_MSGSEND = YES;
				ENABLE_TESTABILITY = YES;
				GCC_C_LANGUAGE_STANDARD = gnu11;
				GCC_DYNAMIC_NO_PIC = NO;
				GCC_NO_COMMON_BLOCKS = YES;
				GCC_OPTIMIZATION_LEVEL = 0;
				GCC_PREPROCESSOR_DEFINITIONS = (
					"DEBUG=1",
					"$(inherited)",
				);
				GCC_WARN_64_TO_32_BIT_CONVERSION = YES;
				GCC_WARN_ABOUT_RETURN_TYPE = YES_ERROR;
				GCC_WARN_UNDECLARED_SELECTOR = YES;
				GCC_WARN_UNINITIALIZED_AUTOS = YES_AGGRESSIVE;
				GCC_WARN_UNUSED_FUNCTION = YES;
				GCC_WARN_UNUSED_VARIABLE = YES;
				IPHONEOS_DEPLOYMENT_TARGET = 15.0;
				MTL_ENABLE_DEBUG_INFO = YES;
				ONLY_ACTIVE_ARCH = YES;
				SDKROOT = iphoneos;
				SWIFT_ACTIVE_COMPILATION_CONDITIONS = DEBUG;
				SWIFT_OPTIMIZATION_LEVEL = "-Onone";
			};
			name = Debug;
		};
		E3ED324D20E439FF005FC8B1 /* Release */ = {
			isa = XCBuildConfiguration;
			buildSettings = {
				ALWAYS_SEARCH_USER_PATHS = NO;
				CLANG_ANALYZER_NONNULL = YES;
				CLANG_ANALYZER_NUMBER_OBJECT_CONVERSION = YES_AGGRESSIVE;
				CLANG_CXX_LANGUAGE_STANDARD = "gnu++14";
				CLANG_CXX_LIBRARY = "libc++";
				CLANG_ENABLE_MODULES = YES;
				CLANG_ENABLE_OBJC_ARC = YES;
				CLANG_ENABLE_OBJC_WEAK = YES;
				CLANG_WARN_BLOCK_CAPTURE_AUTORELEASING = YES;
				CLANG_WARN_BOOL_CONVERSION = YES;
				CLANG_WARN_COMMA = YES;
				CLANG_WARN_CONSTANT_CONVERSION = YES;
				CLANG_WARN_DEPRECATED_OBJC_IMPLEMENTATIONS = YES;
				CLANG_WARN_DIRECT_OBJC_ISA_USAGE = YES_ERROR;
				CLANG_WARN_DOCUMENTATION_COMMENTS = YES;
				CLANG_WARN_EMPTY_BODY = YES;
				CLANG_WARN_ENUM_CONVERSION = YES;
				CLANG_WARN_INFINITE_RECURSION = YES;
				CLANG_WARN_INT_CONVERSION = YES;
				CLANG_WARN_NON_LITERAL_NULL_CONVERSION = YES;
				CLANG_WARN_OBJC_IMPLICIT_RETAIN_SELF = YES;
				CLANG_WARN_OBJC_LITERAL_CONVERSION = YES;
				CLANG_WARN_OBJC_ROOT_CLASS = YES_ERROR;
				CLANG_WARN_RANGE_LOOP_ANALYSIS = YES;
				CLANG_WARN_STRICT_PROTOTYPES = YES;
				CLANG_WARN_SUSPICIOUS_MOVE = YES;
				CLANG_WARN_UNGUARDED_AVAILABILITY = YES_AGGRESSIVE;
				CLANG_WARN_UNREACHABLE_CODE = YES;
				CLANG_WARN__DUPLICATE_METHOD_MATCH = YES;
				CODE_SIGN_IDENTITY = "iPhone Developer";
				COPY_PHASE_STRIP = NO;
				DEBUG_INFORMATION_FORMAT = "dwarf-with-dsym";
				ENABLE_BITCODE = NO;
				ENABLE_NS_ASSERTIONS = NO;
				ENABLE_STRICT_OBJC_MSGSEND = YES;
				GCC_C_LANGUAGE_STANDARD = gnu11;
				GCC_NO_COMMON_BLOCKS = YES;
				GCC_WARN_64_TO_32_BIT_CONVERSION = YES;
				GCC_WARN_ABOUT_RETURN_TYPE = YES_ERROR;
				GCC_WARN_UNDECLARED_SELECTOR = YES;
				GCC_WARN_UNINITIALIZED_AUTOS = YES_AGGRESSIVE;
				GCC_WARN_UNUSED_FUNCTION = YES;
				GCC_WARN_UNUSED_VARIABLE = YES;
				IPHONEOS_DEPLOYMENT_TARGET = 15.0;
				MTL_ENABLE_DEBUG_INFO = NO;
				SDKROOT = iphoneos;
				SWIFT_COMPILATION_MODE = wholemodule;
				SWIFT_OPTIMIZATION_LEVEL = "-O";
				VALIDATE_PRODUCT = YES;
			};
			name = Release;
		};
		E3ED324F20E439FF005FC8B1 /* Debug */ = {
			isa = XCBuildConfiguration;
			buildSettings = {
				ASSETCATALOG_COMPILER_APPICON_NAME = AppIcon;
				CODE_SIGN_ENTITLEMENTS = Inventory/Inventory.entitlements;
				CODE_SIGN_IDENTITY = "iPhone Developer";
				CODE_SIGN_STYLE = Automatic;
				CURRENT_PROJECT_VERSION = 1;
				DEBUG_INFORMATION_FORMAT = "dwarf-with-dsym";
				DEVELOPMENT_TEAM = 3T2VMFZPPQ;
				ENABLE_BITCODE = NO;
				FRAMEWORK_SEARCH_PATHS = (
					"$(inherited)",
					"$(PROJECT_DIR)",
				);
				INFOPLIST_FILE = Inventory/Info.plist;
				IPHONEOS_DEPLOYMENT_TARGET = 15.0;
				LD_RUNPATH_SEARCH_PATHS = (
					"$(inherited)",
					"@executable_path/Frameworks",
				);
				MARKETING_VERSION = 2.0.0;
				PRODUCT_BUNDLE_IDENTIFIER = com.dittolive.InventoryP2PTest;
				PRODUCT_NAME = "$(TARGET_NAME)";
				PROVISIONING_PROFILE_SPECIFIER = "";
				SUPPORTED_PLATFORMS = "appletvos appletvsimulator iphoneos iphonesimulator";
				SUPPORTS_MACCATALYST = YES;
				SWIFT_VERSION = 5.0;
				TARGETED_DEVICE_FAMILY = "1,2,3";
			};
			name = Debug;
		};
		E3ED325020E439FF005FC8B1 /* Release */ = {
			isa = XCBuildConfiguration;
			buildSettings = {
				ASSETCATALOG_COMPILER_APPICON_NAME = AppIcon;
				CODE_SIGN_ENTITLEMENTS = Inventory/Inventory.entitlements;
				CODE_SIGN_IDENTITY = "iPhone Distribution";
				CODE_SIGN_STYLE = Manual;
				CURRENT_PROJECT_VERSION = 1;
				DEVELOPMENT_TEAM = 3T2VMFZPPQ;
				"DEVELOPMENT_TEAM[sdk=iphoneos*]" = 3T2VMFZPPQ;
				ENABLE_BITCODE = NO;
				FRAMEWORK_SEARCH_PATHS = (
					"$(inherited)",
					"$(PROJECT_DIR)",
				);
				INFOPLIST_FILE = Inventory/Info.plist;
				IPHONEOS_DEPLOYMENT_TARGET = 15.0;
				LD_RUNPATH_SEARCH_PATHS = (
					"$(inherited)",
					"@executable_path/Frameworks",
				);
				MARKETING_VERSION = 2.0.0;
				PRODUCT_BUNDLE_IDENTIFIER = com.dittolive.InventoryP2PTest;
				PRODUCT_NAME = "$(TARGET_NAME)";
				PROVISIONING_PROFILE_SPECIFIER = "match AppStore *";
				"PROVISIONING_PROFILE_SPECIFIER[sdk=iphoneos*]" = "match AppStore * 1718532340";
				SUPPORTED_PLATFORMS = "appletvos appletvsimulator iphoneos iphonesimulator";
				SUPPORTS_MACCATALYST = YES;
				SWIFT_VERSION = 5.0;
				TARGETED_DEVICE_FAMILY = "1,2,3";
			};
			name = Release;
		};
/* End XCBuildConfiguration section */

/* Begin XCConfigurationList section */
		E3ED323720E439FD005FC8B1 /* Build configuration list for PBXProject "Inventory" */ = {
			isa = XCConfigurationList;
			buildConfigurations = (
				E3ED324C20E439FF005FC8B1 /* Debug */,
				E3ED324D20E439FF005FC8B1 /* Release */,
			);
			defaultConfigurationIsVisible = 0;
			defaultConfigurationName = Release;
		};
		E3ED324E20E439FF005FC8B1 /* Build configuration list for PBXNativeTarget "Inventory" */ = {
			isa = XCConfigurationList;
			buildConfigurations = (
				E3ED324F20E439FF005FC8B1 /* Debug */,
				E3ED325020E439FF005FC8B1 /* Release */,
			);
			defaultConfigurationIsVisible = 0;
			defaultConfigurationName = Release;
		};
/* End XCConfigurationList section */

/* Begin XCLocalSwiftPackageReference section */
		07AE55312C876C5A00E1FCBD /* XCLocalSwiftPackageReference "../../DittoSwiftTools" */ = {
			isa = XCLocalSwiftPackageReference;
			relativePath = ../../DittoSwiftTools;
		};
/* End XCLocalSwiftPackageReference section */

/* Begin XCRemoteSwiftPackageReference section */
		0EC95D302B0BEA1D006A35A0 /* XCRemoteSwiftPackageReference "DittoSwiftPackage" */ = {
			isa = XCRemoteSwiftPackageReference;
			repositoryURL = "https://github.com/getditto/DittoSwiftPackage";
			requirement = {
				kind = upToNextMajorVersion;
				minimumVersion = 4.8.0;
			};
		};
		CCE8646329E59037007D822C /* XCRemoteSwiftPackageReference "Cartography" */ = {
			isa = XCRemoteSwiftPackageReference;
			repositoryURL = "https://github.com/robb/Cartography";
			requirement = {
				kind = upToNextMajorVersion;
				minimumVersion = 4.0.0;
			};
		};
/* End XCRemoteSwiftPackageReference section */

/* Begin XCSwiftPackageProductDependency section */
		07AE55322C876C5A00E1FCBD /* DittoAllToolsMenu */ = {
			isa = XCSwiftPackageProductDependency;
			productName = DittoAllToolsMenu;
		};
		07AE55342C876C5A00E1FCBD /* DittoDataBrowser */ = {
			isa = XCSwiftPackageProductDependency;
			productName = DittoDataBrowser;
		};
		07AE55362C876C5A00E1FCBD /* DittoDiskUsage */ = {
			isa = XCSwiftPackageProductDependency;
			productName = DittoDiskUsage;
		};
		07AE55382C876C5A00E1FCBD /* DittoExportData */ = {
			isa = XCSwiftPackageProductDependency;
			productName = DittoExportData;
		};
		07AE553A2C876C5A00E1FCBD /* DittoExportLogs */ = {
			isa = XCSwiftPackageProductDependency;
			productName = DittoExportLogs;
		};
		07AE553C2C876C5A00E1FCBD /* DittoHealthMetrics */ = {
			isa = XCSwiftPackageProductDependency;
			productName = DittoHealthMetrics;
		};
		07AE553E2C876C5A00E1FCBD /* DittoHeartbeat */ = {
			isa = XCSwiftPackageProductDependency;
			productName = DittoHeartbeat;
		};
		07AE55402C876C5A00E1FCBD /* DittoPeersList */ = {
			isa = XCSwiftPackageProductDependency;
			productName = DittoPeersList;
		};
		07AE55422C876C5A00E1FCBD /* DittoPermissionsHealth */ = {
			isa = XCSwiftPackageProductDependency;
			productName = DittoPermissionsHealth;
		};
		07AE55442C876C5A00E1FCBD /* DittoPresenceDegradation */ = {
			isa = XCSwiftPackageProductDependency;
			productName = DittoPresenceDegradation;
		};
		07AE55462C876C5A00E1FCBD /* DittoPresenceViewer */ = {
			isa = XCSwiftPackageProductDependency;
			productName = DittoPresenceViewer;
		};
		0EC95D312B0BEA1D006A35A0 /* DittoObjC */ = {
			isa = XCSwiftPackageProductDependency;
			package = 0EC95D302B0BEA1D006A35A0 /* XCRemoteSwiftPackageReference "DittoSwiftPackage" */;
			productName = DittoObjC;
		};
		0EC95D332B0BEA1D006A35A0 /* DittoSwift */ = {
			isa = XCSwiftPackageProductDependency;
			package = 0EC95D302B0BEA1D006A35A0 /* XCRemoteSwiftPackageReference "DittoSwiftPackage" */;
			productName = DittoSwift;
		};
		CCE8646429E59037007D822C /* Cartography */ = {
			isa = XCSwiftPackageProductDependency;
			package = CCE8646329E59037007D822C /* XCRemoteSwiftPackageReference "Cartography" */;
			productName = Cartography;
		};
/* End XCSwiftPackageProductDependency section */
	};
	rootObject = E3ED323420E439FD005FC8B1 /* Project object */;
}
