{
  "originHash" : "e46e5400f3661256bd0197e1612c81282831b17087168009e217d707f188d805",
  "pins" : [
    {
      "identity" : "cartography",
      "kind" : "remoteSourceControl",
      "location" : "https://github.com/robb/Cartography",
      "state" : {
        "revision" : "b75197ea134f42b5feafb04b526b37eb1a41034b",
        "version" : "4.0.0"
      }
    },
    {
      "identity" : "dittopresenceviewercore",
      "kind" : "remoteSourceControl",
      "location" : "https://github.com/getditto/DittoPresenceViewerCore.git",
      "state" : {
        "revision" : "e67bc1e91054a0116d836c6a7e6bbf5b4a3d63bd",
        "version" : "2.1.1"
      }
    },
    {
      "identity" : "dittoswiftpackage",
      "kind" : "remoteSourceControl",
      "location" : "https://github.com/getditto/DittoSwiftPackage",
      "state" : {
        "revision" : "61d0027eef10737df1aacef7237cf5e2f126c46d",
        "version" : "4.10.2"
      }
    },
    {
      "identity" : "dittoswifttools",
      "kind" : "remoteSourceControl",
      "location" : "https://github.com/getditto/DittoSwiftTools",
      "state" : {
        "revision" : "974a281d0fc0ac35ee948e7d29c4875344af67bd",
        "version" : "8.0.0"
      }
    },
    {
      "identity" : "swift-collections",
      "kind" : "remoteSourceControl",
      "location" : "https://github.com/apple/swift-collections",
      "state" : {
        "revision" : "ee97538f5b81ae89698fd95938896dec5217b148",
        "version" : "1.1.1"
      }
    }
  ],
  "version" : 3
}
