// !$*UTF8*$!
{
	archiveVersion = 1;
	classes = {
	};
	objectVersion = 54;
	objects = {

/* Begin PBXBuildFile section */
		AA01000000000000000001 /* AppDelegate.swift in Sources */ = {isa = PBXBuildFile; fileRef = BB01000000000000000001 /* AppDelegate.swift */; };
		AA01000000000000000002 /* Constants.swift in Sources */ = {isa = PBXBuildFile; fileRef = BB01000000000000000002 /* Constants.swift */; };
		AA01000000000000000003 /* Env.swift in Sources */ = {isa = PBXBuildFile; fileRef = BB01000000000000000003 /* Env.swift */; };
		AA01000000000000000004 /* BackgroundSync.swift in Sources */ = {isa = PBXBuildFile; fileRef = BB01000000000000000004 /* BackgroundSync.swift */; };
		AA01000000000000000005 /* Asset.swift in Sources */ = {isa = PBXBuildFile; fileRef = BB01000000000000000005 /* Asset.swift */; };
		AA01000000000000000006 /* AssetDittoManager.swift in Sources */ = {isa = PBXBuildFile; fileRef = BB01000000000000000006 /* AssetDittoManager.swift */; };
		AA01000000000000000007 /* AssetListViewController.swift in Sources */ = {isa = PBXBuildFile; fileRef = BB01000000000000000007 /* AssetListViewController.swift */; };
		AA01000000000000000008 /* AssetListCell.swift in Sources */ = {isa = PBXBuildFile; fileRef = BB01000000000000000008 /* AssetListCell.swift */; };
		AA01000000000000000009 /* NewAssetViewController.swift in Sources */ = {isa = PBXBuildFile; fileRef = BB01000000000000000009 /* NewAssetViewController.swift */; };
		AA0100000000000000000A /* DittoInfoViewController.swift in Sources */ = {isa = PBXBuildFile; fileRef = BB0100000000000000000A /* DittoInfoViewController.swift */; };
		AA0100000000000000000B /* DittoSDKInfoViewController.swift in Sources */ = {isa = PBXBuildFile; fileRef = BB0100000000000000000B /* DittoSDKInfoViewController.swift */; };
		AA0100000000000000000C /* Assets.xcassets in Resources */ = {isa = PBXBuildFile; fileRef = BB0100000000000000000C /* Assets.xcassets */; };
		AA0100000000000000000D /* LaunchScreen.storyboard in Resources */ = {isa = PBXBuildFile; fileRef = BB0100000000000000000D /* LaunchScreen.storyboard */; };
		CC0100000000000000000E /* DittoObjC in Frameworks */ = {isa = PBXBuildFile; productRef = EE0100000000000000000005 /* DittoObjC */; };
		CC0100000000000000000F /* DittoSwift in Frameworks */ = {isa = PBXBuildFile; productRef = EE0100000000000000000006 /* DittoSwift */; };
		CC01000000000000000010 /* DittoDataBrowser in Frameworks */ = {isa = PBXBuildFile; productRef = EE0100000000000000000007 /* DittoDataBrowser */; };
		CC01000000000000000011 /* DittoDiskUsage in Frameworks */ = {isa = PBXBuildFile; productRef = EE0100000000000000000008 /* DittoDiskUsage */; };
		CC01000000000000000012 /* DittoExportLogs in Frameworks */ = {isa = PBXBuildFile; productRef = EE0100000000000000000009 /* DittoExportLogs */; };
		CC01000000000000000013 /* DittoPresenceViewer in Frameworks */ = {isa = PBXBuildFile; productRef = EE010000000000000000000A /* DittoPresenceViewer */; };
		CC01000000000000000014 /* DittoAllToolsMenu in Frameworks */ = {isa = PBXBuildFile; productRef = EE010000000000000000000B /* DittoAllToolsMenu */; };
/* End PBXBuildFile section */

/* Begin PBXFileReference section */
		BB01000000000000000001 /* AppDelegate.swift */ = {isa = PBXFileReference; lastKnownFileType = sourcecode.swift; path = AppDelegate.swift; sourceTree = "<group>"; };
		BB01000000000000000002 /* Constants.swift */ = {isa = PBXFileReference; lastKnownFileType = sourcecode.swift; path = Constants.swift; sourceTree = "<group>"; };
		BB01000000000000000003 /* Env.swift */ = {isa = PBXFileReference; lastKnownFileType = sourcecode.swift; path = Env.swift; sourceTree = "<group>"; };
		BB01000000000000000004 /* BackgroundSync.swift */ = {isa = PBXFileReference; lastKnownFileType = sourcecode.swift; path = BackgroundSync.swift; sourceTree = "<group>"; };
		BB01000000000000000005 /* Asset.swift */ = {isa = PBXFileReference; lastKnownFileType = sourcecode.swift; path = Asset.swift; sourceTree = "<group>"; };
		BB01000000000000000006 /* AssetDittoManager.swift */ = {isa = PBXFileReference; lastKnownFileType = sourcecode.swift; path = AssetDittoManager.swift; sourceTree = "<group>"; };
		BB01000000000000000007 /* AssetListViewController.swift */ = {isa = PBXFileReference; lastKnownFileType = sourcecode.swift; path = AssetListViewController.swift; sourceTree = "<group>"; };
		BB01000000000000000008 /* AssetListCell.swift */ = {isa = PBXFileReference; lastKnownFileType = sourcecode.swift; path = AssetListCell.swift; sourceTree = "<group>"; };
		BB01000000000000000009 /* NewAssetViewController.swift */ = {isa = PBXFileReference; lastKnownFileType = sourcecode.swift; path = NewAssetViewController.swift; sourceTree = "<group>"; };
		BB0100000000000000000A /* DittoInfoViewController.swift */ = {isa = PBXFileReference; lastKnownFileType = sourcecode.swift; path = DittoInfoViewController.swift; sourceTree = "<group>"; };
		BB0100000000000000000B /* DittoSDKInfoViewController.swift */ = {isa = PBXFileReference; lastKnownFileType = sourcecode.swift; path = DittoSDKInfoViewController.swift; sourceTree = "<group>"; };
		BB0100000000000000000C /* Assets.xcassets */ = {isa = PBXFileReference; lastKnownFileType = folder.assetcatalog; path = Assets.xcassets; sourceTree = "<group>"; };
		BB0100000000000000000D /* LaunchScreen.storyboard */ = {isa = PBXFileReference; fileEncoding = 4; lastKnownFileType = file.storyboard; path = LaunchScreen.storyboard; sourceTree = "<group>"; };
		BB0100000000000000000E /* Info.plist */ = {isa = PBXFileReference; lastKnownFileType = text.plist.xml; path = Info.plist; sourceTree = "<group>"; };
		BB0100000000000000000F /* AssetCapture.app */ = {isa = PBXFileReference; explicitFileType = wrapper.application; includeInIndex = 0; path = AssetCapture.app; sourceTree = BUILT_PRODUCTS_DIR; };
/* End PBXFileReference section */

/* Begin PBXFrameworksBuildPhase section */
		DD01000000000000000002 /* Frameworks */ = {
			isa = PBXFrameworksBuildPhase;
			buildActionMask = 2147483647;
			files = (
				CC0100000000000000000E /* DittoObjC in Frameworks */,
				CC0100000000000000000F /* DittoSwift in Frameworks */,
				CC01000000000000000010 /* DittoDataBrowser in Frameworks */,
				CC01000000000000000011 /* DittoDiskUsage in Frameworks */,
				CC01000000000000000012 /* DittoExportLogs in Frameworks */,
				CC01000000000000000013 /* DittoPresenceViewer in Frameworks */,
				CC01000000000000000014 /* DittoAllToolsMenu in Frameworks */,
			);
			runOnlyForDeploymentPostprocessing = 0;
		};
/* End PBXFrameworksBuildPhase section */

/* Begin PBXGroup section */
		GG01000000000000000001 /* Frameworks */ = {
			isa = PBXGroup;
			children = (
			);
			name = Frameworks;
			sourceTree = "<group>";
		};
		GG01000000000000000002 /* Products */ = {
			isa = PBXGroup;
			children = (
				BB0100000000000000000F /* AssetCapture.app */,
			);
			name = Products;
			sourceTree = "<group>";
		};
		GG01000000000000000003 /* AssetCapture */ = {
			isa = PBXGroup;
			children = (
				BB01000000000000000001 /* AppDelegate.swift */,
				BB01000000000000000002 /* Constants.swift */,
				BB01000000000000000003 /* Env.swift */,
				BB01000000000000000004 /* BackgroundSync.swift */,
				BB01000000000000000005 /* Asset.swift */,
				BB01000000000000000006 /* AssetDittoManager.swift */,
				BB01000000000000000007 /* AssetListViewController.swift */,
				BB01000000000000000008 /* AssetListCell.swift */,
				BB01000000000000000009 /* NewAssetViewController.swift */,
				BB0100000000000000000A /* DittoInfoViewController.swift */,
				BB0100000000000000000B /* DittoSDKInfoViewController.swift */,
				BB0100000000000000000C /* Assets.xcassets */,
				BB0100000000000000000D /* LaunchScreen.storyboard */,
				BB0100000000000000000E /* Info.plist */,
			);
			path = AssetCapture;
			sourceTree = "<group>";
		};
		GG01000000000000000004 = {
			isa = PBXGroup;
			children = (
				GG01000000000000000003 /* AssetCapture */,
				GG01000000000000000002 /* Products */,
				GG01000000000000000001 /* Frameworks */,
			);
			sourceTree = "<group>";
		};
/* End PBXGroup section */

/* Begin PBXNativeTarget section */
		EE01000000000000000001 /* AssetCapture */ = {
			isa = PBXNativeTarget;
			buildConfigurationList = FF01000000000000000006 /* Build configuration list for PBXNativeTarget "AssetCapture" */;
			buildPhases = (
				DD01000000000000000004 /* Generate Env.swift */,
				DD01000000000000000001 /* Sources */,
				DD01000000000000000002 /* Frameworks */,
				DD01000000000000000003 /* Resources */,
			);
			buildRules = (
			);
			dependencies = (
			);
			name = AssetCapture;
			packageProductDependencies = (
				EE0100000000000000000005 /* DittoObjC */,
				EE0100000000000000000006 /* DittoSwift */,
				EE0100000000000000000007 /* DittoDataBrowser */,
				EE0100000000000000000008 /* DittoDiskUsage */,
				EE0100000000000000000009 /* DittoExportLogs */,
				EE010000000000000000000A /* DittoPresenceViewer */,
				EE010000000000000000000B /* DittoAllToolsMenu */,
			);
			productName = AssetCapture;
			productReference = BB0100000000000000000F /* AssetCapture.app */;
			productType = "com.apple.product-type.application";
		};
/* End PBXNativeTarget section */

/* Begin PBXProject section */
		EE01000000000000000002 /* Project object */ = {
			isa = PBXProject;
			attributes = {
				LastSwiftUpdateCheck = 0940;
				LastUpgradeCheck = 0940;
				ORGANIZATIONNAME = Ditto;
				TargetAttributes = {
					EE01000000000000000001 = {
						CreatedOnToolsVersion = 9.4;
						SystemCapabilities = {
							com.apple.BackgroundModes = {
								enabled = 1;
							};
						};
					};
				};
			};
			buildConfigurationList = FF01000000000000000005 /* Build configuration list for PBXProject "AssetCapture" */;
			compatibilityVersion = "Xcode 9.3";
			developmentRegion = en;
			hasScannedForEncodings = 0;
			knownRegions = (
				en,
				Base,
			);
			mainGroup = GG01000000000000000004;
			packageReferences = (
				EE01000000000000000003 /* XCRemoteSwiftPackageReference "DittoSwiftPackage" */,
				EE01000000000000000004 /* XCRemoteSwiftPackageReference "DittoSwiftTools" */,
			);
			productRefGroup = GG01000000000000000002 /* Products */;
			projectDirPath = "";
			projectRoot = "";
			targets = (
				EE01000000000000000001 /* AssetCapture */,
			);
		};
/* End PBXProject section */

/* Begin PBXResourcesBuildPhase section */
		DD01000000000000000003 /* Resources */ = {
			isa = PBXResourcesBuildPhase;
			buildActionMask = 2147483647;
			files = (
				AA0100000000000000000C /* Assets.xcassets in Resources */,
				AA0100000000000000000D /* LaunchScreen.storyboard in Resources */,
			);
			runOnlyForDeploymentPostprocessing = 0;
		};
/* End PBXResourcesBuildPhase section */

/* Begin PBXShellScriptBuildPhase section */
		DD01000000000000000004 /* Generate Env.swift */ = {
			isa = PBXShellScriptBuildPhase;
			alwaysOutOfDate = 1;
			buildActionMask = 2147483647;
			files = (
			);
			inputFileListPaths = (
			);
			inputPaths = (
				"$(SRCROOT)/buildEnv.sh",
				"$(SRCROOT)/../.env",
			);
			name = "Generate Env.swift";
			outputFileListPaths = (
			);
			outputPaths = (
			);
			runOnlyForDeploymentPostprocessing = 0;
			shellPath = /bin/sh;
			shellScript = "\"${SRCROOT}/buildEnv.sh\" \"${SRCROOT}/../.env\" \"${SRCROOT}/${PROJECT}\"\n";
		};
/* End PBXShellScriptBuildPhase section */

/* Begin PBXSourcesBuildPhase section */
		DD01000000000000000001 /* Sources */ = {
			isa = PBXSourcesBuildPhase;
			buildActionMask = 2147483647;
			files = (
				AA01000000000000000001 /* AppDelegate.swift in Sources */,
				AA01000000000000000002 /* Constants.swift in Sources */,
				AA01000000000000000003 /* Env.swift in Sources */,
				AA01000000000000000004 /* BackgroundSync.swift in Sources */,
				AA01000000000000000005 /* Asset.swift in Sources */,
				AA01000000000000000006 /* AssetDittoManager.swift in Sources */,
				AA01000000000000000007 /* AssetListViewController.swift in Sources */,
				AA01000000000000000008 /* AssetListCell.swift in Sources */,
				AA01000000000000000009 /* NewAssetViewController.swift in Sources */,
				AA0100000000000000000A /* DittoInfoViewController.swift in Sources */,
				AA0100000000000000000B /* DittoSDKInfoViewController.swift in Sources */,
			);
			runOnlyForDeploymentPostprocessing = 0;
		};
/* End PBXSourcesBuildPhase section */

/* Begin XCBuildConfiguration section */
		FF01000000000000000001 /* Debug */ = {
			isa = XCBuildConfiguration;
			buildSettings = {
				ALWAYS_SEARCH_USER_PATHS = NO;
				CLANG_ANALYZER_NONNULL = YES;
				CLANG_ANALYZER_NUMBER_OBJECT_CONVERSION = YES_AGGRESSIVE;
				CLANG_CXX_LANGUAGE_STANDARD = "gnu++14";
				CLANG_CXX_LIBRARY = "libc++";
				CLANG_ENABLE_MODULES = YES;
				CLANG_ENABLE_OBJC_ARC = YES;
				CLANG_ENABLE_OBJC_WEAK = YES;
				CLANG_WARN_BLOCK_CAPTURE_AUTORELEASING = YES;
				CLANG_WARN_BOOL_CONVERSION = YES;
				CLANG_WARN_COMMA = YES;
				CLANG_WARN_CONSTANT_CONVERSION = YES;
				CLANG_WARN_DEPRECATED_OBJC_IMPLEMENTATIONS = YES;
				CLANG_WARN_DIRECT_OBJC_ISA_USAGE = YES_ERROR;
				CLANG_WARN_DOCUMENTATION_COMMENTS = YES;
				CLANG_WARN_EMPTY_BODY = YES;
				CLANG_WARN_ENUM_CONVERSION = YES;
				CLANG_WARN_INFINITE_RECURSION = YES;
				CLANG_WARN_INT_CONVERSION = YES;
				CLANG_WARN_NON_LITERAL_NULL_CONVERSION = YES;
				CLANG_WARN_OBJC_IMPLICIT_RETAIN_SELF = YES;
				CLANG_WARN_OBJC_LITERAL_CONVERSION = YES;
				CLANG_WARN_OBJC_ROOT_CLASS = YES_ERROR;
				CLANG_WARN_RANGE_LOOP_ANALYSIS = YES;
				CLANG_WARN_STRICT_PROTOTYPES = YES;
				CLANG_WARN_SUSPICIOUS_MOVE = YES;
				CLANG_WARN_UNGUARDED_AVAILABILITY = YES_AGGRESSIVE;
				CLANG_WARN_UNREACHABLE_CODE = YES;
				CLANG_WARN__DUPLICATE_METHOD_MATCH = YES;
				CODE_SIGN_IDENTITY = "iPhone Developer";
				COPY_PHASE_STRIP = NO;
				DEBUG_INFORMATION_FORMAT = dwarf;
				ENABLE_BITCODE = NO;
				ENABLE_STRICT_OBJC_MSGSEND = YES;
				ENABLE_TESTABILITY = YES;
				GCC_C_LANGUAGE_STANDARD = gnu11;
				GCC_DYNAMIC_NO_PIC = NO;
				GCC_NO_COMMON_BLOCKS = YES;
				GCC_OPTIMIZATION_LEVEL = 0;
				GCC_PREPROCESSOR_DEFINITIONS = (
					"DEBUG=1",
					"$(inherited)",
				);
				GCC_WARN_64_TO_32_BIT_CONVERSION = YES;
				GCC_WARN_ABOUT_RETURN_TYPE = YES_ERROR;
				GCC_WARN_UNDECLARED_SELECTOR = YES;
				GCC_WARN_UNINITIALIZED_AUTOS = YES_AGGRESSIVE;
				GCC_WARN_UNUSED_FUNCTION = YES;
				GCC_WARN_UNUSED_VARIABLE = YES;
				IPHONEOS_DEPLOYMENT_TARGET = 15.0;
				MTL_ENABLE_DEBUG_INFO = YES;
				ONLY_ACTIVE_ARCH = YES;
				SDKROOT = iphoneos;
				SWIFT_ACTIVE_COMPILATION_CONDITIONS = DEBUG;
				SWIFT_OPTIMIZATION_LEVEL = "-Onone";
			};
			name = Debug;
		};
		FF01000000000000000002 /* Release */ = {
			isa = XCBuildConfiguration;
			buildSettings = {
				ALWAYS_SEARCH_USER_PATHS = NO;
				CLANG_ANALYZER_NONNULL = YES;
				CLANG_ANALYZER_NUMBER_OBJECT_CONVERSION = YES_AGGRESSIVE;
				CLANG_CXX_LANGUAGE_STANDARD = "gnu++14";
				CLANG_CXX_LIBRARY = "libc++";
				CLANG_ENABLE_MODULES = YES;
				CLANG_ENABLE_OBJC_ARC = YES;
				CLANG_ENABLE_OBJC_WEAK = YES;
				CLANG_WARN_BLOCK_CAPTURE_AUTORELEASING = YES;
				CLANG_WARN_BOOL_CONVERSION = YES;
				CLANG_WARN_COMMA = YES;
				CLANG_WARN_CONSTANT_CONVERSION = YES;
				CLANG_WARN_DEPRECATED_OBJC_IMPLEMENTATIONS = YES;
				CLANG_WARN_DIRECT_OBJC_ISA_USAGE = YES_ERROR;
				CLANG_WARN_DOCUMENTATION_COMMENTS = YES;
				CLANG_WARN_EMPTY_BODY = YES;
				CLANG_WARN_ENUM_CONVERSION = YES;
				CLANG_WARN_INFINITE_RECURSION = YES;
				CLANG_WARN_INT_CONVERSION = YES;
				CLANG_WARN_NON_LITERAL_NULL_CONVERSION = YES;
				CLANG_WARN_OBJC_IMPLICIT_RETAIN_SELF = YES;
				CLANG_WARN_OBJC_LITERAL_CONVERSION = YES;
				CLANG_WARN_OBJC_ROOT_CLASS = YES_ERROR;
				CLANG_WARN_RANGE_LOOP_ANALYSIS = YES;
				CLANG_WARN_STRICT_PROTOTYPES = YES;
				CLANG_WARN_SUSPICIOUS_MOVE = YES;
				CLANG_WARN_UNGUARDED_AVAILABILITY = YES_AGGRESSIVE;
				CLANG_WARN_UNREACHABLE_CODE = YES;
				CLANG_WARN__DUPLICATE_METHOD_MATCH = YES;
				CODE_SIGN_IDENTITY = "iPhone Developer";
				COPY_PHASE_STRIP = NO;
				DEBUG_INFORMATION_FORMAT = "dwarf-with-dsym";
				ENABLE_BITCODE = NO;
				ENABLE_NS_ASSERTIONS = NO;
				ENABLE_STRICT_OBJC_MSGSEND = YES;
				GCC_C_LANGUAGE_STANDARD = gnu11;
				GCC_NO_COMMON_BLOCKS = YES;
				GCC_WARN_64_TO_32_BIT_CONVERSION = YES;
				GCC_WARN_ABOUT_RETURN_TYPE = YES_ERROR;
				GCC_WARN_UNDECLARED_SELECTOR = YES;
				GCC_WARN_UNINITIALIZED_AUTOS = YES_AGGRESSIVE;
				GCC_WARN_UNUSED_FUNCTION = YES;
				GCC_WARN_UNUSED_VARIABLE = YES;
				IPHONEOS_DEPLOYMENT_TARGET = 15.0;
				MTL_ENABLE_DEBUG_INFO = NO;
				SDKROOT = iphoneos;
				SWIFT_COMPILATION_MODE = wholemodule;
				SWIFT_OPTIMIZATION_LEVEL = "-O";
				VALIDATE_PRODUCT = YES;
			};
			name = Release;
		};
		FF01000000000000000003 /* Debug */ = {
			isa = XCBuildConfiguration;
			buildSettings = {
				ASSETCATALOG_COMPILER_APPICON_NAME = AppIcon;
				CODE_SIGN_IDENTITY = "iPhone Developer";
				CODE_SIGN_STYLE = Automatic;
				CURRENT_PROJECT_VERSION = 1;
				DEBUG_INFORMATION_FORMAT = "dwarf-with-dsym";
				DEVELOPMENT_TEAM = "";
				ENABLE_BITCODE = NO;
				FRAMEWORK_SEARCH_PATHS = (
					"$(inherited)",
					"$(PROJECT_DIR)",
				);
				INFOPLIST_FILE = AssetCapture/Info.plist;
				IPHONEOS_DEPLOYMENT_TARGET = 15.0;
				LD_RUNPATH_SEARCH_PATHS = (
					"$(inherited)",
					"@executable_path/Frameworks",
				);
				MARKETING_VERSION = 1.0.0;
				PRODUCT_BUNDLE_IDENTIFIER = live.ditto.AssetCapture;
				PRODUCT_NAME = "$(TARGET_NAME)";
				PROVISIONING_PROFILE_SPECIFIER = "";
				SWIFT_VERSION = 5.0;
				TARGETED_DEVICE_FAMILY = "1,2";
			};
			name = Debug;
		};
		FF01000000000000000004 /* Release */ = {
			isa = XCBuildConfiguration;
			buildSettings = {
				ASSETCATALOG_COMPILER_APPICON_NAME = AppIcon;
				CODE_SIGN_IDENTITY = "iPhone Developer";
				CODE_SIGN_STYLE = Automatic;
				CURRENT_PROJECT_VERSION = 1;
				DEBUG_INFORMATION_FORMAT = "dwarf-with-dsym";
				DEVELOPMENT_TEAM = "";
				ENABLE_BITCODE = NO;
				FRAMEWORK_SEARCH_PATHS = (
					"$(inherited)",
					"$(PROJECT_DIR)",
				);
				INFOPLIST_FILE = AssetCapture/Info.plist;
				IPHONEOS_DEPLOYMENT_TARGET = 15.0;
				LD_RUNPATH_SEARCH_PATHS = (
					"$(inherited)",
					"@executable_path/Frameworks",
				);
				MARKETING_VERSION = 1.0.0;
				PRODUCT_BUNDLE_IDENTIFIER = live.ditto.AssetCapture;
				PRODUCT_NAME = "$(TARGET_NAME)";
				PROVISIONING_PROFILE_SPECIFIER = "";
				SWIFT_VERSION = 5.0;
				TARGETED_DEVICE_FAMILY = "1,2";
			};
			name = Release;
		};
/* End XCBuildConfiguration section */

/* Begin XCConfigurationList section */
		FF01000000000000000005 /* Build configuration list for PBXProject "AssetCapture" */ = {
			isa = XCConfigurationList;
			buildConfigurations = (
				FF01000000000000000001 /* Debug */,
				FF01000000000000000002 /* Release */,
			);
			defaultConfigurationIsVisible = 0;
			defaultConfigurationName = Release;
		};
		FF01000000000000000006 /* Build configuration list for PBXNativeTarget "AssetCapture" */ = {
			isa = XCConfigurationList;
			buildConfigurations = (
				FF01000000000000000003 /* Debug */,
				FF01000000000000000004 /* Release */,
			);
			defaultConfigurationIsVisible = 0;
			defaultConfigurationName = Release;
		};
/* End XCConfigurationList section */

/* Begin XCRemoteSwiftPackageReference section */
		EE01000000000000000003 /* XCRemoteSwiftPackageReference "DittoSwiftPackage" */ = {
			isa = XCRemoteSwiftPackageReference;
			repositoryURL = "https://github.com/getditto/DittoSwiftPackage";
			requirement = {
				kind = upToNextMajorVersion;
				minimumVersion = 4.13.1;
			};
		};
		EE01000000000000000004 /* XCRemoteSwiftPackageReference "DittoSwiftTools" */ = {
			isa = XCRemoteSwiftPackageReference;
			repositoryURL = "https://github.com/getditto/DittoSwiftTools";
			requirement = {
				kind = upToNextMajorVersion;
				minimumVersion = 9.0.0;
			};
		};
/* End XCRemoteSwiftPackageReference section */

/* Begin XCSwiftPackageProductDependency section */
		EE0100000000000000000005 /* DittoObjC */ = {
			isa = XCSwiftPackageProductDependency;
			package = EE01000000000000000003 /* XCRemoteSwiftPackageReference "DittoSwiftPackage" */;
			productName = DittoObjC;
		};
		EE0100000000000000000006 /* DittoSwift */ = {
			isa = XCSwiftPackageProductDependency;
			package = EE01000000000000000003 /* XCRemoteSwiftPackageReference "DittoSwiftPackage" */;
			productName = DittoSwift;
		};
		EE0100000000000000000007 /* DittoDataBrowser */ = {
			isa = XCSwiftPackageProductDependency;
			package = EE01000000000000000004 /* XCRemoteSwiftPackageReference "DittoSwiftTools" */;
			productName = DittoDataBrowser;
		};
		EE0100000000000000000008 /* DittoDiskUsage */ = {
			isa = XCSwiftPackageProductDependency;
			package = EE01000000000000000004 /* XCRemoteSwiftPackageReference "DittoSwiftTools" */;
			productName = DittoDiskUsage;
		};
		EE0100000000000000000009 /* DittoExportLogs */ = {
			isa = XCSwiftPackageProductDependency;
			package = EE01000000000000000004 /* XCRemoteSwiftPackageReference "DittoSwiftTools" */;
			productName = DittoExportLogs;
		};
		EE010000000000000000000A /* DittoPresenceViewer */ = {
			isa = XCSwiftPackageProductDependency;
			package = EE01000000000000000004 /* XCRemoteSwiftPackageReference "DittoSwiftTools" */;
			productName = DittoPresenceViewer;
		};
		EE010000000000000000000B /* DittoAllToolsMenu */ = {
			isa = XCSwiftPackageProductDependency;
			package = EE01000000000000000004 /* XCRemoteSwiftPackageReference "DittoSwiftTools" */;
			productName = DittoAllToolsMenu;
		};
/* End XCSwiftPackageProductDependency section */

	};
	rootObject = EE01000000000000000002 /* Project object */;
}
